version = 1
revision = 3
requires-python = ">=3.8, <4"
resolution-markers = [
    "python_full_version >= '3.9'",
    "python_full_version < '3.9'",
]

[[package]]
name = "jedi"
version = "0.19.2"
source = { registry = "https://pypi.org/simple" }
dependencies = [
    { name = "parso" },
]
sdist = { url = "https://files.pythonhosted.org/packages/72/3a/79a912fbd4d8dd6fbb02bf69afd3bb72cf0c729bb3063c6f4498603db17a/jedi-0.19.2.tar.gz", hash = "sha256:4770dc3de41bde3966b02eb84fbcf557fb33cce26ad23da12c742fb50ecb11f0", size = 1231287, upload-time = "2024-11-11T01:41:42.873Z" }
wheels = [
    { url = "https://files.pythonhosted.org/packages/c0/5a/9cac0c82afec3d09ccd97c8b6502d48f165f9124db81b4bcb90b4af974ee/jedi-0.19.2-py2.py3-none-any.whl", hash = "sha256:a8ef22bde8490f57fe5c7681a3c83cb58874daf72b4784de3cce5b6ef6edb5b9", size = 1572278, upload-time = "2024-11-11T01:41:40.175Z" },
]

[[package]]
name = "packaging"
version = "26.0"
source = { registry = "https://pypi.org/simple" }
sdist = { url = "https://files.pythonhosted.org/packages/65/ee/299d360cdc32edc7d2cf530f3accf79c4fca01e96ffc950d8a52213bd8e4/packaging-26.0.tar.gz", hash = "sha256:00243ae351a257117b6a241061796684b084ed1c516a08c48a3f7e147a9d80b4", size = 143416, upload-time = "2026-01-21T20:50:39.064Z" }
wheels = [
    { url = "https://files.pythonhosted.org/packages/b7/b9/c538f279a4e237a006a2c98387d081e9eb060d203d8ed34467cc0f0b9b53/packaging-26.0-py3-none-any.whl", hash = "sha256:b36f1fef9334a5588b4166f8bcd26a14e521f2b55e6b9de3aaa80d3ff7a37529", size = 74366, upload-time = "2026-01-21T20:50:37.788Z" },
]

[[package]]
name = "parso"
version = "0.8.6"
source = { registry = "https://pypi.org/simple" }
sdist = { url = "https://files.pythonhosted.org/packages/81/76/a1e769043c0c0c9fe391b702539d594731a4362334cdf4dc25d0c09761e7/parso-0.8.6.tar.gz", hash = "sha256:2b9a0332696df97d454fa67b81618fd69c35a7b90327cbe6ba5c92d2c68a7bfd", size = 401621, upload-time = "2026-02-09T15:45:24.425Z" }
wheels = [
    { url = "https://files.pythonhosted.org/packages/b6/61/fae042894f4296ec49e3f193aff5d7c18440da9e48102c3315e1bc4519a7/parso-0.8.6-py2.py3-none-any.whl", hash = "sha256:2c549f800b70a5c4952197248825584cb00f033b29c692671d3bf08bf380baff", size = 106894, upload-time = "2026-02-09T15:45:21.391Z" },
]

[[package]]
name = "pudb"
version = "2025.1.5"
source = { editable = "." }
dependencies = [
    { name = "jedi" },
    { name = "packaging" },
    { name = "pygments" },
    { name = "typing-extensions", version = "4.13.2", source = { registry = "https://pypi.org/simple" }, marker = "python_full_version < '3.9'" },
    { name = "typing-extensions", version = "4.15.0", source = { registry = "https://pypi.org/simple" }, marker = "python_full_version >= '3.9'" },
    { name = "urwid", version = "2.6.16", source = { registry = "https://pypi.org/simple" }, marker = "python_full_version < '3.9'" },
    { name = "urwid", version = "3.0.5", source = { registry = "https://pypi.org/simple" }, marker = "python_full_version >= '3.9'" },
    { name = "urwid-readline" },
]

[package.optional-dependencies]
completion = [
    { name = "shtab", version = "1.7.2", source = { registry = "https://pypi.org/simple" }, marker = "python_full_version < '3.9'" },
    { name = "shtab", version = "1.8.0", source = { registry = "https://pypi.org/simple" }, marker = "python_full_version >= '3.9'" },
]

[package.metadata]
requires-dist = [
    { name = "jedi", specifier = ">=0.18,<1" },
    { name = "packaging", specifier = ">=20.0" },
    { name = "pygments", specifier = ">=2.19" },
    { name = "shtab", marker = "extra == 'completion'" },
    { name = "typing-extensions", specifier = ">=4.13" },
    { name = "urwid", specifier = ">=2.4" },
    { name = "urwid", specifier = ">=2.5.1" },
    { name = "urwid-readline" },
]
provides-extras = ["completion"]

[[package]]
name = "pygments"
version = "2.19.2"
source = { registry = "https://pypi.org/simple" }
sdist = { url = "https://files.pythonhosted.org/packages/b0/77/a5b8c569bf593b0140bde72ea885a803b82086995367bf2037de0159d924/pygments-2.19.2.tar.gz", hash = "sha256:636cb2477cec7f8952536970bc533bc43743542f70392ae026374600add5b887", size = 4968631, upload-time = "2025-06-21T13:39:12.283Z" }
wheels = [
    { url = "https://files.pythonhosted.org/packages/c7/21/705964c7812476f378728bdf590ca4b771ec72385c533964653c68e86bdc/pygments-2.19.2-py3-none-any.whl", hash = "sha256:86540386c03d588bb81d44bc3928634ff26449851e99741617ecb9037ee5ec0b", size = 1225217, upload-time = "2025-06-21T13:39:07.939Z" },
]

[[package]]
name = "shtab"
version = "1.7.2"
source = { registry = "https://pypi.org/simple" }
resolution-markers = [
    "python_full_version < '3.9'",
]
sdist = { url = "https://files.pythonhosted.org/packages/5a/3e/837067b970c1d2ffa936c72f384a63fdec4e186b74da781e921354a94024/shtab-1.7.2.tar.gz", hash = "sha256:8c16673ade76a2d42417f03e57acf239bfb5968e842204c17990cae357d07d6f", size = 45751, upload-time = "2025-04-12T20:28:03.271Z" }
wheels = [
    { url = "https://files.pythonhosted.org/packages/74/03/3271b7bb470fbab4adf5bd30b0d32143909d96f3608d815b447357f47f2b/shtab-1.7.2-py3-none-any.whl", hash = "sha256:858a5805f6c137bb0cda4f282d27d08fd44ca487ab4a6a36d2a400263cd0b5c1", size = 14214, upload-time = "2025-04-12T20:28:01.82Z" },
]

[[package]]
name = "shtab"
version = "1.8.0"
source = { registry = "https://pypi.org/simple" }
resolution-markers = [
    "python_full_version >= '3.9'",
]
sdist = { url = "https://files.pythonhosted.org/packages/b0/7a/7f131b6082d8b592c32e4312d0a6da3d0b28b8f0d305ddd93e49c9d89929/shtab-1.8.0.tar.gz", hash = "sha256:75f16d42178882b7f7126a0c2cb3c848daed2f4f5a276dd1ded75921cc4d073a", size = 46062, upload-time = "2025-11-18T10:57:47.601Z" }
wheels = [
    { url = "https://files.pythonhosted.org/packages/8e/e1/202a31727b0d096a04380f78e809074d7a1d0a22d9d5a39fea1d2353fd02/shtab-1.8.0-py3-none-any.whl", hash = "sha256:f0922a82174b4007e06ac0bac4f79abd826c5cca88e201bfd927f889803c571d", size = 14457, upload-time = "2025-11-18T10:57:45.906Z" },
]

[[package]]
name = "typing-extensions"
version = "4.13.2"
source = { registry = "https://pypi.org/simple" }
resolution-markers = [
    "python_full_version < '3.9'",
]
sdist = { url = "https://files.pythonhosted.org/packages/f6/37/23083fcd6e35492953e8d2aaaa68b860eb422b34627b13f2ce3eb6106061/typing_extensions-4.13.2.tar.gz", hash = "sha256:e6c81219bd689f51865d9e372991c540bda33a0379d5573cddb9a3a23f7caaef", size = 106967, upload-time = "2025-04-10T14:19:05.416Z" }
wheels = [
    { url = "https://files.pythonhosted.org/packages/8b/54/b1ae86c0973cc6f0210b53d508ca3641fb6d0c56823f288d108bc7ab3cc8/typing_extensions-4.13.2-py3-none-any.whl", hash = "sha256:a439e7c04b49fec3e5d3e2beaa21755cadbbdc391694e28ccdd36ca4a1408f8c", size = 45806, upload-time = "2025-04-10T14:19:03.967Z" },
]

[[package]]
name = "typing-extensions"
version = "4.15.0"
source = { registry = "https://pypi.org/simple" }
resolution-markers = [
    "python_full_version >= '3.9'",
]
sdist = { url = "https://files.pythonhosted.org/packages/72/94/1a15dd82efb362ac84269196e94cf00f187f7ed21c242792a923cdb1c61f/typing_extensions-4.15.0.tar.gz", hash = "sha256:0cea48d173cc12fa28ecabc3b837ea3cf6f38c6d1136f85cbaaf598984861466", size = 109391, upload-time = "2025-08-25T13:49:26.313Z" }
wheels = [
    { url = "https://files.pythonhosted.org/packages/18/67/36e9267722cc04a6b9f15c7f3441c2363321a3ea07da7ae0c0707beb2a9c/typing_extensions-4.15.0-py3-none-any.whl", hash = "sha256:f0fa19c6845758ab08074a0cfa8b7aecb71c999ca73d62883bc25cc018c4e548", size = 44614, upload-time = "2025-08-25T13:49:24.86Z" },
]

[[package]]
name = "urwid"
version = "2.6.16"
source = { registry = "https://pypi.org/simple" }
resolution-markers = [
    "python_full_version < '3.9'",
]
dependencies = [
    { name = "typing-extensions", version = "4.13.2", source = { registry = "https://pypi.org/simple" }, marker = "python_full_version < '3.9'" },
    { name = "wcwidth", marker = "python_full_version < '3.9'" },
]
sdist = { url = "https://files.pythonhosted.org/packages/98/21/ad23c9e961b2d36d57c63686a6f86768dd945d406323fb58c84f09478530/urwid-2.6.16.tar.gz", hash = "sha256:93ad239939e44c385e64aa00027878b9e5c486d59e855ec8ab5b1e1adcdb32a2", size = 848179, upload-time = "2024-10-15T16:07:24.297Z" }
wheels = [
    { url = "https://files.pythonhosted.org/packages/54/cb/271a4f5a1bf4208dbdc96d85b9eae744cf4e5e11ac73eda76dc98c8fd2d7/urwid-2.6.16-py3-none-any.whl", hash = "sha256:de14896c6df9eb759ed1fd93e0384a5279e51e0dde8f621e4083f7a8368c0797", size = 297196, upload-time = "2024-10-15T16:07:22.521Z" },
]

[[package]]
name = "urwid"
version = "3.0.5"
source = { registry = "https://pypi.org/simple" }
resolution-markers = [
    "python_full_version >= '3.9'",
]
dependencies = [
    { name = "wcwidth", marker = "python_full_version >= '3.9'" },
]
sdist = { url = "https://files.pythonhosted.org/packages/b1/59/67cd42db7c549c0c106d2b56d2d2ec1915c459e0a92722029efc5359e871/urwid-3.0.5.tar.gz", hash = "sha256:24be27ffafdb68c09cd95dc21b60ccfd02843320b25ce5feee1708b34fad5a23", size = 860746, upload-time = "2026-02-02T14:38:43.958Z" }
wheels = [
    { url = "https://files.pythonhosted.org/packages/09/6a/efd8ad30ab250a4ad23dc7c07437b374921042cb35215e468d49977822f7/urwid-3.0.5-py3-none-any.whl", hash = "sha256:f188144261224fdfc9b56b4222869bd0eac90fd7895cf1e376129cdc7e13bc84", size = 296957, upload-time = "2026-02-02T14:38:42.044Z" },
]

[[package]]
name = "urwid-readline"
version = "0.15.1"
source = { registry = "https://pypi.org/simple" }
dependencies = [
    { name = "urwid", version = "2.6.16", source = { registry = "https://pypi.org/simple" }, marker = "python_full_version < '3.9'" },
    { name = "urwid", version = "3.0.5", source = { registry = "https://pypi.org/simple" }, marker = "python_full_version >= '3.9'" },
]
sdist = { url = "https://files.pythonhosted.org/packages/ad/70/be318554495555eba7d8ff6e489f6f74ddb225b24086ba4af62a82e723fd/urwid_readline-0.15.1.tar.gz", hash = "sha256:9301444b86d58f7d26388506b704f142cefd193888488b4070d3a0fdfcfc0f84", size = 9007, upload-time = "2024-09-22T17:51:55.144Z" }

[[package]]
name = "wcwidth"
version = "0.6.0"
source = { registry = "https://pypi.org/simple" }
sdist = { url = "https://files.pythonhosted.org/packages/35/a2/8e3becb46433538a38726c948d3399905a4c7cabd0df578ede5dc51f0ec2/wcwidth-0.6.0.tar.gz", hash = "sha256:cdc4e4262d6ef9a1a57e018384cbeb1208d8abbc64176027e2c2455c81313159", size = 159684, upload-time = "2026-02-06T19:19:40.919Z" }
wheels = [
    { url = "https://files.pythonhosted.org/packages/68/5a/199c59e0a824a3db2b89c5d2dade7ab5f9624dbf6448dc291b46d5ec94d3/wcwidth-0.6.0-py3-none-any.whl", hash = "sha256:1a3a1e510b553315f8e146c54764f4fb6264ffad731b3d78088cdb1478ffbdad", size = 94189, upload-time = "2026-02-06T19:19:39.646Z" },
]
